{
  "name": "behold",
  "version": "0.1.0",
  "lockfileVersion": 3,
  "requires": true,
  "packages": {
    "": {
      "name": "behold",
      "version": "0.1.0",
      "license": "AGPL-3.0-or-later",
      "workspaces": [
        "packages/common"
      ]
    },
    "node_modules/common": {
      "resolved": "packages/common",
      "link": true
    },
    "packages/common": {
      "version": "0.1.0",
      "license": "AGPL-3.0-or-later"
    }
  }
}
